// !$*UTF8*$!
{
	archiveVersion = 1;
	classes = {
	};
	objectVersion = 56;
	objects = {

/* Begin PBXBuildFile section */
		07EAB597D203CCEFC25E0FC6 /* Pods_WeatherApp.framework in Frameworks */ = {isa = PBXBuildFile; fileRef = F2DF3766BE6BE2BC6B4AEB3D /* Pods_WeatherApp.framework */; };
		1B119D722B86262F003277B0 /* AppDelegate.swift in Sources */ = {isa = PBXBuildFile; fileRef = 1B119D712B86262F003277B0 /* AppDelegate.swift */; };
		1B119D742B86262F003277B0 /* SceneDelegate.swift in Sources */ = {isa = PBXBuildFile; fileRef = 1B119D732B86262F003277B0 /* SceneDelegate.swift */; };
		1B119D762B86262F003277B0 /* TodayViewController.swift in Sources */ = {isa = PBXBuildFile; fileRef = 1B119D752B86262F003277B0 /* TodayViewController.swift */; };
		1B119D7B2B862630003277B0 /* Assets.xcassets in Resources */ = {isa = PBXBuildFile; fileRef = 1B119D7A2B862630003277B0 /* Assets.xcassets */; };
		1B119D7E2B862630003277B0 /* LaunchScreen.storyboard in Resources */ = {isa = PBXBuildFile; fileRef = 1B119D7C2B862630003277B0 /* LaunchScreen.storyboard */; };
		1B66FD622B8753C200D29DFE /* ForecastViewController.swift in Sources */ = {isa = PBXBuildFile; fileRef = 1B66FD612B8753C200D29DFE /* ForecastViewController.swift */; };
		1B9162962B8E294100B38B61 /* ForecastPresenter.swift in Sources */ = {isa = PBXBuildFile; fileRef = 1B9162952B8E294100B38B61 /* ForecastPresenter.swift */; };
		1B9162982B8E295900B38B61 /* ForecastPresenterProtocol.swift in Sources */ = {isa = PBXBuildFile; fileRef = 1B9162972B8E295900B38B61 /* ForecastPresenterProtocol.swift */; };
		1B91629A2B8E297A00B38B61 /* TodayPresenter.swift in Sources */ = {isa = PBXBuildFile; fileRef = 1B9162992B8E297A00B38B61 /* TodayPresenter.swift */; };
		1B91629C2B8E299300B38B61 /* TodayPresenterProtocol.swift in Sources */ = {isa = PBXBuildFile; fileRef = 1B91629B2B8E299300B38B61 /* TodayPresenterProtocol.swift */; };
		1B91629F2B8E31F500B38B61 /* WeatherDTO.swift in Sources */ = {isa = PBXBuildFile; fileRef = 1B91629E2B8E31F500B38B61 /* WeatherDTO.swift */; };
		1B9162A12B8E320900B38B61 /* WeatherModel.swift in Sources */ = {isa = PBXBuildFile; fileRef = 1B9162A02B8E320900B38B61 /* WeatherModel.swift */; };
		1B9162A32B8E322600B38B61 /* WeatherResponce.swift in Sources */ = {isa = PBXBuildFile; fileRef = 1B9162A22B8E322600B38B61 /* WeatherResponce.swift */; };
		1B9162A62B8E503500B38B61 /* TabBarViewController.swift in Sources */ = {isa = PBXBuildFile; fileRef = 1B9162A52B8E503500B38B61 /* TabBarViewController.swift */; };
/* End PBXBuildFile section */

/* Begin PBXFileReference section */
		1B119D6E2B86262F003277B0 /* WeatherApp.app */ = {isa = PBXFileReference; explicitFileType = wrapper.application; includeInIndex = 0; path = WeatherApp.app; sourceTree = BUILT_PRODUCTS_DIR; };
		1B119D712B86262F003277B0 /* AppDelegate.swift */ = {isa = PBXFileReference; lastKnownFileType = sourcecode.swift; path = AppDelegate.swift; sourceTree = "<group>"; };
		1B119D732B86262F003277B0 /* SceneDelegate.swift */ = {isa = PBXFileReference; lastKnownFileType = sourcecode.swift; path = SceneDelegate.swift; sourceTree = "<group>"; };
		1B119D752B86262F003277B0 /* TodayViewController.swift */ = {isa = PBXFileReference; lastKnownFileType = sourcecode.swift; path = TodayViewController.swift; sourceTree = "<group>"; };
		1B119D7A2B862630003277B0 /* Assets.xcassets */ = {isa = PBXFileReference; lastKnownFileType = folder.assetcatalog; path = Assets.xcassets; sourceTree = "<group>"; };
		1B119D7D2B862630003277B0 /* Base */ = {isa = PBXFileReference; lastKnownFileType = file.storyboard; name = Base; path = Base.lproj/LaunchScreen.storyboard; sourceTree = "<group>"; };
		1B119D7F2B862630003277B0 /* Info.plist */ = {isa = PBXFileReference; lastKnownFileType = text.plist.xml; path = Info.plist; sourceTree = "<group>"; };
		1B66FD612B8753C200D29DFE /* ForecastViewController.swift */ = {isa = PBXFileReference; lastKnownFileType = sourcecode.swift; path = ForecastViewController.swift; sourceTree = "<group>"; };
		1B9162952B8E294100B38B61 /* ForecastPresenter.swift */ = {isa = PBXFileReference; lastKnownFileType = sourcecode.swift; path = ForecastPresenter.swift; sourceTree = "<group>"; };
		1B9162972B8E295900B38B61 /* ForecastPresenterProtocol.swift */ = {isa = PBXFileReference; lastKnownFileType = sourcecode.swift; path = ForecastPresenterProtocol.swift; sourceTree = "<group>"; };
		1B9162992B8E297A00B38B61 /* TodayPresenter.swift */ = {isa = PBXFileReference; lastKnownFileType = sourcecode.swift; path = TodayPresenter.swift; sourceTree = "<group>"; };
		1B91629B2B8E299300B38B61 /* TodayPresenterProtocol.swift */ = {isa = PBXFileReference; lastKnownFileType = sourcecode.swift; path = TodayPresenterProtocol.swift; sourceTree = "<group>"; };
		1B91629E2B8E31F500B38B61 /* WeatherDTO.swift */ = {isa = PBXFileReference; lastKnownFileType = sourcecode.swift; path = WeatherDTO.swift; sourceTree = "<group>"; };
		1B9162A02B8E320900B38B61 /* WeatherModel.swift */ = {isa = PBXFileReference; lastKnownFileType = sourcecode.swift; path = WeatherModel.swift; sourceTree = "<group>"; };
		1B9162A22B8E322600B38B61 /* WeatherResponce.swift */ = {isa = PBXFileReference; lastKnownFileType = sourcecode.swift; path = WeatherResponce.swift; sourceTree = "<group>"; };
		1B9162A52B8E503500B38B61 /* TabBarViewController.swift */ = {isa = PBXFileReference; lastKnownFileType = sourcecode.swift; path = TabBarViewController.swift; sourceTree = "<group>"; };
		7DF2E885D93ED3F544F3505E /* Pods-WeatherApp.release.xcconfig */ = {isa = PBXFileReference; includeInIndex = 1; lastKnownFileType = text.xcconfig; name = "Pods-WeatherApp.release.xcconfig"; path = "Target Support Files/Pods-WeatherApp/Pods-WeatherApp.release.xcconfig"; sourceTree = "<group>"; };
		E57DCF81696A52A59C7F5626 /* Pods-WeatherApp.debug.xcconfig */ = {isa = PBXFileReference; includeInIndex = 1; lastKnownFileType = text.xcconfig; name = "Pods-WeatherApp.debug.xcconfig"; path = "Target Support Files/Pods-WeatherApp/Pods-WeatherApp.debug.xcconfig"; sourceTree = "<group>"; };
		F2DF3766BE6BE2BC6B4AEB3D /* Pods_WeatherApp.framework */ = {isa = PBXFileReference; explicitFileType = wrapper.framework; includeInIndex = 0; path = Pods_WeatherApp.framework; sourceTree = BUILT_PRODUCTS_DIR; };
/* End PBXFileReference section */

/* Begin PBXFrameworksBuildPhase section */
		1B119D6B2B86262F003277B0 /* Frameworks */ = {
			isa = PBXFrameworksBuildPhase;
			buildActionMask = 2147483647;
			files = (
				07EAB597D203CCEFC25E0FC6 /* Pods_WeatherApp.framework in Frameworks */,
			);
			runOnlyForDeploymentPostprocessing = 0;
		};
/* End PBXFrameworksBuildPhase section */

/* Begin PBXGroup section */
		1B119D652B86262F003277B0 = {
			isa = PBXGroup;
			children = (
				1B119D702B86262F003277B0 /* WeatherApp */,
				1B119D6F2B86262F003277B0 /* Products */,
				1EFC212128877F2104F259AD /* Pods */,
				FDC652DF7F5262D2FB678928 /* Frameworks */,
			);
			sourceTree = "<group>";
		};
		1B119D6F2B86262F003277B0 /* Products */ = {
			isa = PBXGroup;
			children = (
				1B119D6E2B86262F003277B0 /* WeatherApp.app */,
			);
			name = Products;
			sourceTree = "<group>";
		};
		1B119D702B86262F003277B0 /* WeatherApp */ = {
			isa = PBXGroup;
			children = (
				1B66FD632B87542B00D29DFE /* Resources */,
				1B66FD602B87537D00D29DFE /* TodayViewController */,
				1B9162942B8E280500B38B61 /* ForecastViewController */,
				1B91629D2B8E319000B38B61 /* WeatherData */,
				1B9162A42B8E4FDD00B38B61 /* TabBarController */,
				1B119D7A2B862630003277B0 /* Assets.xcassets */,
				1B119D7C2B862630003277B0 /* LaunchScreen.storyboard */,
				1B119D7F2B862630003277B0 /* Info.plist */,
			);
			path = WeatherApp;
			sourceTree = "<group>";
		};
		1B66FD602B87537D00D29DFE /* TodayViewController */ = {
			isa = PBXGroup;
			children = (
				1B119D752B86262F003277B0 /* TodayViewController.swift */,
				1B9162992B8E297A00B38B61 /* TodayPresenter.swift */,
				1B91629B2B8E299300B38B61 /* TodayPresenterProtocol.swift */,
			);
			path = TodayViewController;
			sourceTree = "<group>";
		};
		1B66FD632B87542B00D29DFE /* Resources */ = {
			isa = PBXGroup;
			children = (
				1B119D712B86262F003277B0 /* AppDelegate.swift */,
				1B119D732B86262F003277B0 /* SceneDelegate.swift */,
			);
			path = Resources;
			sourceTree = "<group>";
		};
		1B9162942B8E280500B38B61 /* ForecastViewController */ = {
			isa = PBXGroup;
			children = (
				1B66FD612B8753C200D29DFE /* ForecastViewController.swift */,
				1B9162952B8E294100B38B61 /* ForecastPresenter.swift */,
				1B9162972B8E295900B38B61 /* ForecastPresenterProtocol.swift */,
			);
			path = ForecastViewController;
			sourceTree = "<group>";
		};
		1B91629D2B8E319000B38B61 /* WeatherData */ = {
			isa = PBXGroup;
			children = (
				1B91629E2B8E31F500B38B61 /* WeatherDTO.swift */,
				1B9162A02B8E320900B38B61 /* WeatherModel.swift */,
				1B9162A22B8E322600B38B61 /* WeatherResponce.swift */,
			);
			path = WeatherData;
			sourceTree = "<group>";
		};
		1B9162A42B8E4FDD00B38B61 /* TabBarController */ = {
			isa = PBXGroup;
			children = (
				1B9162A52B8E503500B38B61 /* TabBarViewController.swift */,
			);
			path = TabBarController;
			sourceTree = "<group>";
		};
		1EFC212128877F2104F259AD /* Pods */ = {
			isa = PBXGroup;
			children = (
				E57DCF81696A52A59C7F5626 /* Pods-WeatherApp.debug.xcconfig */,
				7DF2E885D93ED3F544F3505E /* Pods-WeatherApp.release.xcconfig */,
			);
			path = Pods;
			sourceTree = "<group>";
		};
		FDC652DF7F5262D2FB678928 /* Frameworks */ = {
			isa = PBXGroup;
			children = (
				F2DF3766BE6BE2BC6B4AEB3D /* Pods_WeatherApp.framework */,
			);
			name = Frameworks;
			sourceTree = "<group>";
		};
/* End PBXGroup section */

/* Begin PBXNativeTarget section */
		1B119D6D2B86262F003277B0 /* WeatherApp */ = {
			isa = PBXNativeTarget;
			buildConfigurationList = 1B119D822B862630003277B0 /* Build configuration list for PBXNativeTarget "WeatherApp" */;
			buildPhases = (
				FE5338D6C628EF439D078238 /* [CP] Check Pods Manifest.lock */,
				1B119D6A2B86262F003277B0 /* Sources */,
				1B119D6B2B86262F003277B0 /* Frameworks */,
				1B119D6C2B86262F003277B0 /* Resources */,
				90466D615AC0FAEAC0359F2A /* [CP] Embed Pods Frameworks */,
			);
			buildRules = (
			);
			dependencies = (
			);
			name = WeatherApp;
			productName = WeatherApp;
			productReference = 1B119D6E2B86262F003277B0 /* WeatherApp.app */;
			productType = "com.apple.product-type.application";
		};
/* End PBXNativeTarget section */

/* Begin PBXProject section */
		1B119D662B86262F003277B0 /* Project object */ = {
			isa = PBXProject;
			attributes = {
				BuildIndependentTargetsInParallel = 1;
				LastSwiftUpdateCheck = 1520;
				LastUpgradeCheck = 1520;
				TargetAttributes = {
					1B119D6D2B86262F003277B0 = {
						CreatedOnToolsVersion = 15.2;
					};
				};
			};
			buildConfigurationList = 1B119D692B86262F003277B0 /* Build configuration list for PBXProject "WeatherApp" */;
			compatibilityVersion = "Xcode 14.0";
			developmentRegion = en;
			hasScannedForEncodings = 0;
			knownRegions = (
				en,
				Base,
			);
			mainGroup = 1B119D652B86262F003277B0;
			productRefGroup = 1B119D6F2B86262F003277B0 /* Products */;
			projectDirPath = "";
			projectRoot = "";
			targets = (
				1B119D6D2B86262F003277B0 /* WeatherApp */,
			);
		};
/* End PBXProject section */

/* Begin PBXResourcesBuildPhase section */
		1B119D6C2B86262F003277B0 /* Resources */ = {
			isa = PBXResourcesBuildPhase;
			buildActionMask = 2147483647;
			files = (
				1B119D7E2B862630003277B0 /* LaunchScreen.storyboard in Resources */,
				1B119D7B2B862630003277B0 /* Assets.xcassets in Resources */,
			);
			runOnlyForDeploymentPostprocessing = 0;
		};
/* End PBXResourcesBuildPhase section */

/* Begin PBXShellScriptBuildPhase section */
		90466D615AC0FAEAC0359F2A /* [CP] Embed Pods Frameworks */ = {
			isa = PBXShellScriptBuildPhase;
			buildActionMask = 2147483647;
			files = (
			);
			inputFileListPaths = (
				"${PODS_ROOT}/Target Support Files/Pods-WeatherApp/Pods-WeatherApp-frameworks-${CONFIGURATION}-input-files.xcfilelist",
			);
			name = "[CP] Embed Pods Frameworks";
			outputFileListPaths = (
				"${PODS_ROOT}/Target Support Files/Pods-WeatherApp/Pods-WeatherApp-frameworks-${CONFIGURATION}-output-files.xcfilelist",
			);
			runOnlyForDeploymentPostprocessing = 0;
			shellPath = /bin/sh;
			shellScript = "\"${PODS_ROOT}/Target Support Files/Pods-WeatherApp/Pods-WeatherApp-frameworks.sh\"\n";
			showEnvVarsInLog = 0;
		};
		FE5338D6C628EF439D078238 /* [CP] Check Pods Manifest.lock */ = {
			isa = PBXShellScriptBuildPhase;
			buildActionMask = 2147483647;
			files = (
			);
			inputFileListPaths = (
			);
			inputPaths = (
				"${PODS_PODFILE_DIR_PATH}/Podfile.lock",
				"${PODS_ROOT}/Manifest.lock",
			);
			name = "[CP] Check Pods Manifest.lock";
			outputFileListPaths = (
			);
			outputPaths = (
				"$(DERIVED_FILE_DIR)/Pods-WeatherApp-checkManifestLockResult.txt",
			);
			runOnlyForDeploymentPostprocessing = 0;
			shellPath = /bin/sh;
			shellScript = "diff \"${PODS_PODFILE_DIR_PATH}/Podfile.lock\" \"${PODS_ROOT}/Manifest.lock\" > /dev/null\nif [ $? != 0 ] ; then\n    # print error to STDERR\n    echo \"error: The sandbox is not in sync with the Podfile.lock. Run 'pod install' or update your CocoaPods installation.\" >&2\n    exit 1\nfi\n# This output is used by Xcode 'outputs' to avoid re-running this script phase.\necho \"SUCCESS\" > \"${SCRIPT_OUTPUT_FILE_0}\"\n";
			showEnvVarsInLog = 0;
		};
/* End PBXShellScriptBuildPhase section */

/* Begin PBXSourcesBuildPhase section */
		1B119D6A2B86262F003277B0 /* Sources */ = {
			isa = PBXSourcesBuildPhase;
			buildActionMask = 2147483647;
			files = (
				1B119D762B86262F003277B0 /* TodayViewController.swift in Sources */,
				1B66FD622B8753C200D29DFE /* ForecastViewController.swift in Sources */,
				1B91629C2B8E299300B38B61 /* TodayPresenterProtocol.swift in Sources */,
				1B9162962B8E294100B38B61 /* ForecastPresenter.swift in Sources */,
				1B9162A12B8E320900B38B61 /* WeatherModel.swift in Sources */,
				1B91629F2B8E31F500B38B61 /* WeatherDTO.swift in Sources */,
				1B9162A62B8E503500B38B61 /* TabBarViewController.swift in Sources */,
				1B9162982B8E295900B38B61 /* ForecastPresenterProtocol.swift in Sources */,
				1B91629A2B8E297A00B38B61 /* TodayPresenter.swift in Sources */,
				1B119D722B86262F003277B0 /* AppDelegate.swift in Sources */,
				1B9162A32B8E322600B38B61 /* WeatherResponce.swift in Sources */,
				1B119D742B86262F003277B0 /* SceneDelegate.swift in Sources */,
			);
			runOnlyForDeploymentPostprocessing = 0;
		};
/* End PBXSourcesBuildPhase section */

/* Begin PBXVariantGroup section */
		1B119D7C2B862630003277B0 /* LaunchScreen.storyboard */ = {
			isa = PBXVariantGroup;
			children = (
				1B119D7D2B862630003277B0 /* Base */,
			);
			name = LaunchScreen.storyboard;
			sourceTree = "<group>";
		};
/* End PBXVariantGroup section */

/* Begin XCBuildConfiguration section */
		1B119D802B862630003277B0 /* Debug */ = {
			isa = XCBuildConfiguration;
			buildSettings = {
				ALWAYS_SEARCH_USER_PATHS = NO;
				ASSETCATALOG_COMPILER_GENERATE_SWIFT_ASSET_SYMBOL_EXTENSIONS = YES;
				CLANG_ANALYZER_NONNULL = YES;
				CLANG_ANALYZER_NUMBER_OBJECT_CONVERSION = YES_AGGRESSIVE;
				CLANG_CXX_LANGUAGE_STANDARD = "gnu++20";
				CLANG_ENABLE_MODULES = YES;
				CLANG_ENABLE_OBJC_ARC = YES;
				CLANG_ENABLE_OBJC_WEAK = YES;
				CLANG_WARN_BLOCK_CAPTURE_AUTORELEASING = YES;
				CLANG_WARN_BOOL_CONVERSION = YES;
				CLANG_WARN_COMMA = YES;
				CLANG_WARN_CONSTANT_CONVERSION = YES;
				CLANG_WARN_DEPRECATED_OBJC_IMPLEMENTATIONS = YES;
				CLANG_WARN_DIRECT_OBJC_ISA_USAGE = YES_ERROR;
				CLANG_WARN_DOCUMENTATION_COMMENTS = YES;
				CLANG_WARN_EMPTY_BODY = YES;
				CLANG_WARN_ENUM_CONVERSION = YES;
				CLANG_WARN_INFINITE_RECURSION = YES;
				CLANG_WARN_INT_CONVERSION = YES;
				CLANG_WARN_NON_LITERAL_NULL_CONVERSION = YES;
				CLANG_WARN_OBJC_IMPLICIT_RETAIN_SELF = YES;
				CLANG_WARN_OBJC_LITERAL_CONVERSION = YES;
				CLANG_WARN_OBJC_ROOT_CLASS = YES_ERROR;
				CLANG_WARN_QUOTED_INCLUDE_IN_FRAMEWORK_HEADER = YES;
				CLANG_WARN_RANGE_LOOP_ANALYSIS = YES;
				CLANG_WARN_STRICT_PROTOTYPES = YES;
				CLANG_WARN_SUSPICIOUS_MOVE = YES;
				CLANG_WARN_UNGUARDED_AVAILABILITY = YES_AGGRESSIVE;
				CLANG_WARN_UNREACHABLE_CODE = YES;
				CLANG_WARN__DUPLICATE_METHOD_MATCH = YES;
				COPY_PHASE_STRIP = NO;
				DEBUG_INFORMATION_FORMAT = dwarf;
				ENABLE_STRICT_OBJC_MSGSEND = YES;
				ENABLE_TESTABILITY = YES;
				ENABLE_USER_SCRIPT_SANDBOXING = NO;
				GCC_C_LANGUAGE_STANDARD = gnu17;
				GCC_DYNAMIC_NO_PIC = NO;
				GCC_NO_COMMON_BLOCKS = YES;
				GCC_OPTIMIZATION_LEVEL = 0;
				GCC_PREPROCESSOR_DEFINITIONS = (
					"DEBUG=1",
					"$(inherited)",
				);
				GCC_WARN_64_TO_32_BIT_CONVERSION = YES;
				GCC_WARN_ABOUT_RETURN_TYPE = YES_ERROR;
				GCC_WARN_UNDECLARED_SELECTOR = YES;
				GCC_WARN_UNINITIALIZED_AUTOS = YES_AGGRESSIVE;
				GCC_WARN_UNUSED_FUNCTION = YES;
				GCC_WARN_UNUSED_VARIABLE = YES;
				IPHONEOS_DEPLOYMENT_TARGET = 17.2;
				LOCALIZATION_PREFERS_STRING_CATALOGS = YES;
				MTL_ENABLE_DEBUG_INFO = INCLUDE_SOURCE;
				MTL_FAST_MATH = YES;
				ONLY_ACTIVE_ARCH = YES;
				SDKROOT = iphoneos;
				SWIFT_ACTIVE_COMPILATION_CONDITIONS = "DEBUG $(inherited)";
				SWIFT_OPTIMIZATION_LEVEL = "-Onone";
			};
			name = Debug;
		};
		1B119D812B862630003277B0 /* Release */ = {
			isa = XCBuildConfiguration;
			buildSettings = {
				ALWAYS_SEARCH_USER_PATHS = NO;
				ASSETCATALOG_COMPILER_GENERATE_SWIFT_ASSET_SYMBOL_EXTENSIONS = YES;
				CLANG_ANALYZER_NONNULL = YES;
				CLANG_ANALYZER_NUMBER_OBJECT_CONVERSION = YES_AGGRESSIVE;
				CLANG_CXX_LANGUAGE_STANDARD = "gnu++20";
				CLANG_ENABLE_MODULES = YES;
				CLANG_ENABLE_OBJC_ARC = YES;
				CLANG_ENABLE_OBJC_WEAK = YES;
				CLANG_WARN_BLOCK_CAPTURE_AUTORELEASING = YES;
				CLANG_WARN_BOOL_CONVERSION = YES;
				CLANG_WARN_COMMA = YES;
				CLANG_WARN_CONSTANT_CONVERSION = YES;
				CLANG_WARN_DEPRECATED_OBJC_IMPLEMENTATIONS = YES;
				CLANG_WARN_DIRECT_OBJC_ISA_USAGE = YES_ERROR;
				CLANG_WARN_DOCUMENTATION_COMMENTS = YES;
				CLANG_WARN_EMPTY_BODY = YES;
				CLANG_WARN_ENUM_CONVERSION = YES;
				CLANG_WARN_INFINITE_RECURSION = YES;
				CLANG_WARN_INT_CONVERSION = YES;
				CLANG_WARN_NON_LITERAL_NULL_CONVERSION = YES;
				CLANG_WARN_OBJC_IMPLICIT_RETAIN_SELF = YES;
				CLANG_WARN_OBJC_LITERAL_CONVERSION = YES;
				CLANG_WARN_OBJC_ROOT_CLASS = YES_ERROR;
				CLANG_WARN_QUOTED_INCLUDE_IN_FRAMEWORK_HEADER = YES;
				CLANG_WARN_RANGE_LOOP_ANALYSIS = YES;
				CLANG_WARN_STRICT_PROTOTYPES = YES;
				CLANG_WARN_SUSPICIOUS_MOVE = YES;
				CLANG_WARN_UNGUARDED_AVAILABILITY = YES_AGGRESSIVE;
				CLANG_WARN_UNREACHABLE_CODE = YES;
				CLANG_WARN__DUPLICATE_METHOD_MATCH = YES;
				COPY_PHASE_STRIP = NO;
				DEBUG_INFORMATION_FORMAT = "dwarf-with-dsym";
				ENABLE_NS_ASSERTIONS = NO;
				ENABLE_STRICT_OBJC_MSGSEND = YES;
				ENABLE_USER_SCRIPT_SANDBOXING = NO;
				GCC_C_LANGUAGE_STANDARD = gnu17;
				GCC_NO_COMMON_BLOCKS = YES;
				GCC_WARN_64_TO_32_BIT_CONVERSION = YES;
				GCC_WARN_ABOUT_RETURN_TYPE = YES_ERROR;
				GCC_WARN_UNDECLARED_SELECTOR = YES;
				GCC_WARN_UNINITIALIZED_AUTOS = YES_AGGRESSIVE;
				GCC_WARN_UNUSED_FUNCTION = YES;
				GCC_WARN_UNUSED_VARIABLE = YES;
				IPHONEOS_DEPLOYMENT_TARGET = 17.2;
				LOCALIZATION_PREFERS_STRING_CATALOGS = YES;
				MTL_ENABLE_DEBUG_INFO = NO;
				MTL_FAST_MATH = YES;
				SDKROOT = iphoneos;
				SWIFT_COMPILATION_MODE = wholemodule;
				VALIDATE_PRODUCT = YES;
			};
			name = Release;
		};
		1B119D832B862630003277B0 /* Debug */ = {
			isa = XCBuildConfiguration;
			baseConfigurationReference = E57DCF81696A52A59C7F5626 /* Pods-WeatherApp.debug.xcconfig */;
			buildSettings = {
				ASSETCATALOG_COMPILER_APPICON_NAME = AppIcon;
				ASSETCATALOG_COMPILER_GLOBAL_ACCENT_COLOR_NAME = AccentColor;
				CODE_SIGN_STYLE = Automatic;
				CURRENT_PROJECT_VERSION = 1;
				DEVELOPMENT_TEAM = T4S8AB5682;
				GENERATE_INFOPLIST_FILE = YES;
				INFOPLIST_FILE = WeatherApp/Info.plist;
				INFOPLIST_KEY_UIApplicationSupportsIndirectInputEvents = YES;
				INFOPLIST_KEY_UILaunchStoryboardName = LaunchScreen;
				INFOPLIST_KEY_UISupportedInterfaceOrientations_iPad = "UIInterfaceOrientationPortrait UIInterfaceOrientationPortraitUpsideDown UIInterfaceOrientationLandscapeLeft UIInterfaceOrientationLandscapeRight";
				INFOPLIST_KEY_UISupportedInterfaceOrientations_iPhone = "UIInterfaceOrientationPortrait UIInterfaceOrientationLandscapeLeft UIInterfaceOrientationLandscapeRight";
				LD_RUNPATH_SEARCH_PATHS = (
					"$(inherited)",
					"@executable_path/Frameworks",
				);
				MARKETING_VERSION = 1.0;
				PRODUCT_BUNDLE_IDENTIFIER = com.SergioMascarpone.WeatherApp;
				PRODUCT_NAME = "$(TARGET_NAME)";
				SWIFT_EMIT_LOC_STRINGS = YES;
				SWIFT_VERSION = 5.0;
				TARGETED_DEVICE_FAMILY = "1,2";
			};
			name = Debug;
		};
		1B119D842B862630003277B0 /* Release */ = {
			isa = XCBuildConfiguration;
			baseConfigurationReference = 7DF2E885D93ED3F544F3505E /* Pods-WeatherApp.release.xcconfig */;
			buildSettings = {
				ASSETCATALOG_COMPILER_APPICON_NAME = AppIcon;
				ASSETCATALOG_COMPILER_GLOBAL_ACCENT_COLOR_NAME = AccentColor;
				CODE_SIGN_STYLE = Automatic;
				CURRENT_PROJECT_VERSION = 1;
				DEVELOPMENT_TEAM = T4S8AB5682;
				GENERATE_INFOPLIST_FILE = YES;
				INFOPLIST_FILE = WeatherApp/Info.plist;
				INFOPLIST_KEY_UIApplicationSupportsIndirectInputEvents = YES;
				INFOPLIST_KEY_UILaunchStoryboardName = LaunchScreen;
				INFOPLIST_KEY_UISupportedInterfaceOrientations_iPad = "UIInterfaceOrientationPortrait UIInterfaceOrientationPortraitUpsideDown UIInterfaceOrientationLandscapeLeft UIInterfaceOrientationLandscapeRight";
				INFOPLIST_KEY_UISupportedInterfaceOrientations_iPhone = "UIInterfaceOrientationPortrait UIInterfaceOrientationLandscapeLeft UIInterfaceOrientationLandscapeRight";
				LD_RUNPATH_SEARCH_PATHS = (
					"$(inherited)",
					"@executable_path/Frameworks",
				);
				MARKETING_VERSION = 1.0;
				PRODUCT_BUNDLE_IDENTIFIER = com.SergioMascarpone.WeatherApp;
				PRODUCT_NAME = "$(TARGET_NAME)";
				SWIFT_EMIT_LOC_STRINGS = YES;
				SWIFT_VERSION = 5.0;
				TARGETED_DEVICE_FAMILY = "1,2";
			};
			name = Release;
		};
/* End XCBuildConfiguration section */

/* Begin XCConfigurationList section */
		1B119D692B86262F003277B0 /* Build configuration list for PBXProject "WeatherApp" */ = {
			isa = XCConfigurationList;
			buildConfigurations = (
				1B119D802B862630003277B0 /* Debug */,
				1B119D812B862630003277B0 /* Release */,
			);
			defaultConfigurationIsVisible = 0;
			defaultConfigurationName = Release;
		};
		1B119D822B862630003277B0 /* Build configuration list for PBXNativeTarget "WeatherApp" */ = {
			isa = XCConfigurationList;
			buildConfigurations = (
				1B119D832B862630003277B0 /* Debug */,
				1B119D842B862630003277B0 /* Release */,
			);
			defaultConfigurationIsVisible = 0;
			defaultConfigurationName = Release;
		};
/* End XCConfigurationList section */
	};
	rootObject = 1B119D662B86262F003277B0 /* Project object */;
}
